{
  "version": 4,
  "terraform_version": "0.13.4",
  "serial": 2,
  "lineage": "a338ad2a-4afa-1530-a031-f329ad7d01af",
  "outputs": {
    "engine-name": {
      "value": "orbital-amulet-293008-module-test",
      "type": "string"
    }
  },
  "resources": [
    {
      "module": "module.my_compute_instance",
      "mode": "managed",
      "type": "google_compute_instance",
      "name": "default",
      "provider": "provider[\"registry.terraform.io/hashicorp/google\"]",
      "instances": [
        {
          "schema_version": 6,
          "attributes": {
            "allow_stopping_for_update": null,
            "attached_disk": [],
            "boot_disk": [
              {
                "auto_delete": true,
                "device_name": "persistent-disk-0",
                "disk_encryption_key_raw": "",
                "disk_encryption_key_sha256": "",
                "initialize_params": [
                  {
                    "image": "https://www.googleapis.com/compute/v1/projects/debian-cloud/global/images/debian-9-stretch-v20201014",
                    "labels": {},
                    "size": 10,
                    "type": "pd-standard"
                  }
                ],
                "kms_key_self_link": "",
                "mode": "READ_WRITE",
                "source": "https://www.googleapis.com/compute/v1/projects/orbital-amulet-293008/zones/us-east1-b/disks/orbital-amulet-293008-module-test"
              }
            ],
            "can_ip_forward": false,
            "cpu_platform": "Intel Haswell",
            "current_status": "RUNNING",
            "deletion_protection": false,
            "description": "",
            "desired_status": null,
            "enable_display": false,
            "guest_accelerator": [],
            "hostname": "",
            "id": "projects/orbital-amulet-293008/zones/us-east1-b/instances/orbital-amulet-293008-module-test",
            "instance_id": "333053412935451239",
            "label_fingerprint": "42WmSpB8rSM=",
            "labels": null,
            "machine_type": "n1-standard-1",
            "metadata": {
              "foo": "bar"
            },
            "metadata_fingerprint": "-mmCofg1UAU=",
            "metadata_startup_script": "",
            "min_cpu_platform": "",
            "name": "orbital-amulet-293008-module-test",
            "network_interface": [
              {
                "access_config": [
                  {
                    "nat_ip": "35.237.48.232",
                    "network_tier": "PREMIUM",
                    "public_ptr_domain_name": ""
                  }
                ],
                "alias_ip_range": [],
                "name": "nic0",
                "network": "https://www.googleapis.com/compute/v1/projects/orbital-amulet-293008/global/networks/default",
                "network_ip": "10.142.0.2",
                "subnetwork": "https://www.googleapis.com/compute/v1/projects/orbital-amulet-293008/regions/us-east1/subnetworks/default",
                "subnetwork_project": "orbital-amulet-293008"
              }
            ],
            "project": "orbital-amulet-293008",
            "resource_policies": null,
            "scheduling": [
              {
                "automatic_restart": true,
                "node_affinities": [],
                "on_host_maintenance": "MIGRATE",
                "preemptible": false
              }
            ],
            "scratch_disk": [
              {
                "interface": "SCSI"
              }
            ],
            "self_link": "https://www.googleapis.com/compute/v1/projects/orbital-amulet-293008/zones/us-east1-b/instances/orbital-amulet-293008-module-test",
            "service_account": [],
            "shielded_instance_config": [],
            "tags": [
              "bar",
              "foo"
            ],
            "tags_fingerprint": "1gqCRgrww4E=",
            "timeouts": null,
            "zone": "us-east1-b"
          },
          "private": "eyJlMmJmYjczMC1lY2FhLTExZTYtOGY4OC0zNDM2M2JjN2M0YzAiOnsiY3JlYXRlIjoxMjAwMDAwMDAwMDAwLCJkZWxldGUiOjEyMDAwMDAwMDAwMDAsInVwZGF0ZSI6MTIwMDAwMDAwMDAwMH0sInNjaGVtYV92ZXJzaW9uIjoiNiJ9"
        }
      ]
    }
  ]
}
